hash: 7fb59710cd9141682b7e83b671855e656eff0ad0071abc342ec7d98fbbcdfa0d
updated: 2017-12-10T15:09:30.112162+05:30
imports:
- name: github.com/auth0/go-jwt-middleware
  version: 5493cabe49f7bfa6e2ec444a09d334d90cd4e2bd
- name: github.com/dgrijalva/jwt-go
  version: dbeaa9332f19a944acb5736b4456cfcc02140e29
- name: github.com/gorilla/context
  version: 08b5f424b9271eedf6f9f0ce86cb9396ed337a42
- name: github.com/gorilla/mux
  version: 7f08801859139f86dfafd1c296e2cba9a80d292e
- name: github.com/jinzhu/gorm
  version: 5174cc5c242a728b435ea2be8a2f7f998e15429b
  subpackages:
  - dialects/postgres
- name: github.com/jinzhu/inflection
  version: 1c35d901db3da928c72a72d8458480cc9ade058f
- name: github.com/lib/pq
  version: 83612a56d3dd153a94a629cd64925371c9adad78
  subpackages:
  - hstore
  - oid
- name: github.com/urfave/negroni
  version: 5dbbc83f748fc3ad38585842b0aedab546d0ea1e
- name: golang.org/x/crypto
  version: 94eea52f7b742c7cbe0b03b22f0c4c8631ece122
  subpackages:
  - bcrypt
  - blowfish
testImports: []
