# This file is autogenerated, do not edit; changes may be undone by the next 'dep ensure'.


[[projects]]
  branch = "master"
  digest = "1:665d2b11d5b351912ef95226b68b74195521fdeed447f4b20370b998a01041eb"
  name = "github.com/alexflint/go-filemutex"
  packages = ["."]
  pruneopts = "UT"
  revision = "d358565f3c3f5334209f1e80693e4f621650c489"

[[projects]]
  branch = "master"
  digest = "1:e4fd8a4041e47ec6cb6c38ad4baf4f1f37278c7ba23625905147a5823885787a"
  name = "github.com/auth0/go-jwt-middleware"
  packages = ["."]
  pruneopts = "UT"
  revision = "5493cabe49f7bfa6e2ec444a09d334d90cd4e2bd"

[[projects]]
  digest = "1:a571648c5f1a3f20fa405d1cf924b941c5bb236ea6d0565a63c0994e38dd8f82"
  name = "github.com/caarlos0/env"
  packages = ["."]
  pruneopts = "UT"
  revision = "518fcfb943252f77846f92ce5794086d9cb4a1b5"
  version = "v3.5.0"

[[projects]]
  digest = "1:fed1f537c2f1269fe475a8556c393fe466641682d73ef8fd0491cd3aa1e47bad"
  name = "github.com/certifi/gocertifi"
  packages = ["."]
  pruneopts = "UT"
  revision = "deb3ae2ef2610fde3330947281941c562861188b"
  version = "2018.01.18"

[[projects]]
  digest = "1:ffe9824d294da03b391f44e1ae8281281b4afc1bdaa9588c9097785e3af10cec"
  name = "github.com/davecgh/go-spew"
  packages = ["spew"]
  pruneopts = "UT"
  revision = "8991bc29aa16c548c550c7ff78260e27b9ab7c73"
  version = "v1.1.1"

[[projects]]
  digest = "1:217f778e19b8d206112c21d21a7cc72ca3cb493b67631680a2324bc50335d432"
  name = "github.com/dgrijalva/jwt-go"
  packages = ["."]
  pruneopts = "UT"
  revision = "dbeaa9332f19a944acb5736b4456cfcc02140e29"
  version = "v3.1.0"

[[projects]]
  branch = "master"
  digest = "1:cd6332a22861ec3f2595113b4709c035a5e57905455ed481e123a7015ab0853c"
  name = "github.com/algogrit/raven-go"
  packages = ["."]
  pruneopts = "UT"
  revision = "2765c657a1ab5fb308df3339dc14b9356d60791b"

[[projects]]
  branch = "master"
  digest = "1:c79fb010be38a59d657c48c6ba1d003a8aa651fa56b579d959d74573b7dff8e1"
  name = "github.com/gorilla/context"
  packages = ["."]
  pruneopts = "UT"
  revision = "08b5f424b9271eedf6f9f0ce86cb9396ed337a42"

[[projects]]
  digest = "1:88aa9e326e2bd6045a46e00a922954b3e1a9ac5787109f49ac85366df370e1e5"
  name = "github.com/gorilla/mux"
  packages = ["."]
  pruneopts = "UT"
  revision = "53c1911da2b537f792e7cafcb446b05ffe33b996"
  version = "v1.6.1"

[[projects]]
  digest = "1:eae549768f1099170028c61f32a0a7b6b3db45fdf8e3164aebd41e65da24cac7"
  name = "github.com/jinzhu/gorm"
  packages = [
    ".",
    "dialects/postgres",
  ]
  pruneopts = "UT"
  revision = "5174cc5c242a728b435ea2be8a2f7f998e15429b"
  version = "v1.0"

[[projects]]
  branch = "master"
  digest = "1:2cf1e05311b662e68d938f6655c6c5a44ae0e6b3995e390c75fcd8224afa48df"
  name = "github.com/jinzhu/inflection"
  packages = ["."]
  pruneopts = "UT"
  revision = "1c35d901db3da928c72a72d8458480cc9ade058f"

[[projects]]
  digest = "1:dcfa589d67e2091e85fe5e7cb4e0253ab4563a08dc413e9e14018f8e57ad6d8f"
  name = "github.com/khaiql/dbcleaner"
  packages = [
    "engine",
    "logging",
  ]
  pruneopts = "UT"
  revision = "3485a1ee4b01c233d640dc163757f60a77df9bf8"
  version = "v2.2.1"

[[projects]]
  digest = "1:10202160b28e26d602374aec6ddaee8cef7fb4d84529ba10b2e8e50afb25e13f"
  name = "github.com/lib/pq"
  packages = [
    ".",
    "hstore",
    "oid",
  ]
  pruneopts = "UT"
  revision = "83612a56d3dd153a94a629cd64925371c9adad78"

[[projects]]
  digest = "1:d3cafd3b643d4d30fba710a8dcdceb915dc470d74e82ec649ea0917ffd3de5f5"
  name = "github.com/onsi/ginkgo"
  packages = [
    ".",
    "config",
    "internal/codelocation",
    "internal/containernode",
    "internal/failer",
    "internal/leafnodes",
    "internal/remote",
    "internal/spec",
    "internal/spec_iterator",
    "internal/specrunner",
    "internal/suite",
    "internal/testingtproxy",
    "internal/writer",
    "reporters",
    "reporters/stenographer",
    "reporters/stenographer/support/go-colorable",
    "reporters/stenographer/support/go-isatty",
    "types",
  ]
  pruneopts = "UT"
  revision = "9eda700730cba42af70d53180f9dcce9266bc2bc"
  version = "v1.4.0"

[[projects]]
  digest = "1:df184ebe8c38cc6ce8121b986e0f24bdb7d704e0f96b63dcf0ffe85d2126198a"
  name = "github.com/onsi/gomega"
  packages = [
    ".",
    "format",
    "internal/assertion",
    "internal/asyncassertion",
    "internal/oraclematcher",
    "internal/testingtsupport",
    "matchers",
    "matchers/support/goraph/bipartitegraph",
    "matchers/support/goraph/edge",
    "matchers/support/goraph/node",
    "matchers/support/goraph/util",
    "types",
  ]
  pruneopts = "UT"
  revision = "003f63b7f4cff3fc95357005358af2de0f5fe152"
  version = "v1.3.0"

[[projects]]
  digest = "1:40e195917a951a8bf867cd05de2a46aaf1806c50cf92eebf4c16f78cd196f747"
  name = "github.com/pkg/errors"
  packages = ["."]
  pruneopts = "UT"
  revision = "645ef00459ed84a119197bfb8d8205042c6df63d"
  version = "v0.8.0"

[[projects]]
  digest = "1:0028cb19b2e4c3112225cd871870f2d9cf49b9b4276531f03438a88e94be86fe"
  name = "github.com/pmezard/go-difflib"
  packages = ["difflib"]
  pruneopts = "UT"
  revision = "792786c7400a136282c1664665ae0a8db921c6c2"
  version = "v1.0.0"

[[projects]]
  digest = "1:a74ef97fdbc3734f005ffce612a830ec2ad384042ab90806edb91b0312e5f745"
  name = "github.com/rs/cors"
  packages = ["."]
  pruneopts = "UT"
  revision = "7af7a1e09ba336d2ea14b1ce73bf693c6837dbf6"
  version = "v1.2"

[[projects]]
  digest = "1:9e9193aa51197513b3abcb108970d831fbcf40ef96aa845c4f03276e1fa316d2"
  name = "github.com/sirupsen/logrus"
  packages = ["."]
  pruneopts = "UT"
  revision = "c155da19408a8799da419ed3eeb0cb5db0ad5dbc"
  version = "v1.0.5"

[[projects]]
  digest = "1:ac83cf90d08b63ad5f7e020ef480d319ae890c208f8524622a2f3136e2686b02"
  name = "github.com/stretchr/objx"
  packages = ["."]
  pruneopts = "UT"
  revision = "477a77ecc69700c7cdeb1fa9e129548e1c1c393c"
  version = "v0.1.1"

[[projects]]
  digest = "1:33ec13a6bee20ece7ba0dd327257fa3e97acc39cde9e135f060cdd3cc5950100"
  name = "github.com/stretchr/testify"
  packages = [
    "assert",
    "mock",
  ]
  pruneopts = "UT"
  revision = "ffdc059bfe9ce6a4e144ba849dbedead332c6053"
  version = "v1.3.0"

[[projects]]
  digest = "1:606d068450c82b9ddaa21de992f73563754077f0f411235cdfe71d0903a268c3"
  name = "github.com/urfave/negroni"
  packages = ["."]
  pruneopts = "UT"
  revision = "5dbbc83f748fc3ad38585842b0aedab546d0ea1e"
  version = "v0.3.0"

[[projects]]
  digest = "1:4929524c3fb2cf1628cd3027a7e6906b4c0b95b5387fd725d034388e5d2f6e2a"
  name = "golang.org/x/crypto"
  packages = [
    "bcrypt",
    "blowfish",
    "ssh/terminal",
  ]
  pruneopts = "UT"
  revision = "94eea52f7b742c7cbe0b03b22f0c4c8631ece122"

[[projects]]
  branch = "master"
  digest = "1:04ff2abad40af82891bafe50de5019544e8764057daff827da976020a6fe743f"
  name = "golang.org/x/net"
  packages = [
    "html",
    "html/atom",
    "html/charset",
  ]
  pruneopts = "UT"
  revision = "136a25c244d3019482a795d728110278d6ba09a4"

[[projects]]
  branch = "master"
  digest = "1:9c00816e4ad65729a486425d4a9ffc45823b2db299787f3f91464df3a45efc1c"
  name = "golang.org/x/sys"
  packages = [
    "unix",
    "windows",
  ]
  pruneopts = "UT"
  revision = "37707fdb30a5b38865cfb95e5aab41707daec7fd"

[[projects]]
  branch = "master"
  digest = "1:00b52d21f87065cee85096f07ba40957cc53719145c224da5f5d113669868213"
  name = "golang.org/x/text"
  packages = [
    "encoding",
    "encoding/charmap",
    "encoding/htmlindex",
    "encoding/internal",
    "encoding/internal/identifier",
    "encoding/japanese",
    "encoding/korean",
    "encoding/simplifiedchinese",
    "encoding/traditionalchinese",
    "encoding/unicode",
    "internal/gen",
    "internal/tag",
    "internal/utf8internal",
    "language",
    "runes",
    "transform",
    "unicode/cldr",
  ]
  pruneopts = "UT"
  revision = "4e4a3210bb54bb31f6ab2cdca2edcc0b50c420c1"

[[projects]]
  digest = "1:ece3e7d3eb951867006707dec906f7e3f52351f27465507dd3a9ef4b8fdf7e9b"
  name = "gopkg.in/khaiql/dbcleaner.v2"
  packages = [
    ".",
    "engine",
  ]
  pruneopts = "UT"
  revision = "3485a1ee4b01c233d640dc163757f60a77df9bf8"
  version = "v2.2.1"

[[projects]]
  branch = "v2"
  digest = "1:73e6fda93622790d2371344759df06ff5ff2fac64a6b6e8832b792e7402956e7"
  name = "gopkg.in/yaml.v2"
  packages = ["."]
  pruneopts = "UT"
  revision = "d670f9405373e636a5a2765eea47fac0c9bc91a4"

[[projects]]
  digest = "1:088137704bdac82fa4cfb9e5495ce2f868f78c07d2a7a596b4d77b1ed4a67c8a"
  name = "syreclabs.com/go/faker"
  packages = [
    ".",
    "locales",
  ]
  pruneopts = "UT"
  revision = "552a925f6f001bbe99d56724e8dd53d74aa58686"
  version = "v1.0.1"

[solve-meta]
  analyzer-name = "dep"
  analyzer-version = 1
  input-imports = [
    "github.com/auth0/go-jwt-middleware",
    "github.com/caarlos0/env",
    "github.com/dgrijalva/jwt-go",
    "github.com/algogrit/raven-go",
    "github.com/gorilla/mux",
    "github.com/jinzhu/gorm",
    "github.com/jinzhu/gorm/dialects/postgres",
    "github.com/onsi/ginkgo",
    "github.com/onsi/gomega",
    "github.com/rs/cors",
    "github.com/sirupsen/logrus",
    "github.com/urfave/negroni",
    "golang.org/x/crypto/bcrypt",
    "gopkg.in/khaiql/dbcleaner.v2",
    "gopkg.in/khaiql/dbcleaner.v2/engine",
    "syreclabs.com/go/faker",
  ]
  solver-name = "gps-cdcl"
  solver-version = 1
